
Microsoft Visual Studio Solution File, Format Version 12.00
# Visual Studio Version 16
VisualStudioVersion = 16.0.31112.23
MinimumVisualStudioVersion = 10.0.40219.1
Project("{FAE04EC0-301F-11D3-BF4B-00C04F79EFBC}") = "SqlP1", "SqlP1\SqlP1.csproj", "{0FE93D01-FA54-4EEF-9490-B1E8C20F1A22}"
EndProject
Global
	GlobalSection(SolutionConfigurationPlatforms) = preSolution
		Debug|Any CPU = Debug|Any CPU
		Release|Any CPU = Release|Any CPU
	EndGlobalSection
	GlobalSection(ProjectConfigurationPlatforms) = postSolution
		{0FE93D01-FA54-4EEF-9490-B1E8C20F1A22}.Debug|Any CPU.ActiveCfg = Debug|Any CPU
		{0FE93D01-FA54-4EEF-9490-B1E8C20F1A22}.Debug|Any CPU.Build.0 = Debug|Any CPU
		{0FE93D01-FA54-4EEF-9490-B1E8C20F1A22}.Release|Any CPU.ActiveCfg = Release|Any CPU
		{0FE93D01-FA54-4EEF-9490-B1E8C20F1A22}.Release|Any CPU.Build.0 = Release|Any CPU
	EndGlobalSection
	GlobalSection(SolutionProperties) = preSolution
		HideSolutionNode = FALSE
	EndGlobalSection
	GlobalSection(ExtensibilityGlobals) = postSolution
		SolutionGuid = {68CC4982-0FA5-45A4-B09E-581B88CD7D8A}
	EndGlobalSection
EndGlobal
